// !$*UTF8*$!
{
	archiveVersion = 1;
	classes = {
	};
	objectVersion = 77;
	objects = {

/* Begin PBXBuildFile section */
		04FEA8FB3D18B769B1BEAA73 /* ForCuttingGrassGameView.swift in Sources */ = {isa = PBXBuildFile; fileRef = FACBCEE1035B20CF24D9EA3B /* ForCuttingGrassGameView.swift */; };
		0CB33EBCF18FD541CB238B61 /* JukeboxLineIdle.json in Resources */ = {isa = PBXBuildFile; fileRef = 1DEF3481E9967A067F380C47 /* JukeboxLineIdle.json */; };
		0F1AFBABE1F9D1870B3D767F /* GameWebView.swift in Sources */ = {isa = PBXBuildFile; fileRef = 1AEED640487C99F9E09BEAE4 /* GameWebView.swift */; };
		14DE03AE234B03EF35DCC67E /* tile-tall-1.png in Resources */ = {isa = PBXBuildFile; fileRef = E69D42098AC1339D472BC3F3 /* tile-tall-1.png */; };
		158D8F08F041F7C10B28A262 /* LottieAnimationPlayer.swift in Sources */ = {isa = PBXBuildFile; fileRef = 179F02B60F81160662AA2202 /* LottieAnimationPlayer.swift */; };
		16B4785DEE5036FB0474ABD0 /* AuthenticationServices.framework in Frameworks */ = {isa = PBXBuildFile; fileRef = 8C60E9FC3934E62B02667E84 /* AuthenticationServices.framework */; };
		1A8D8BC32BAEE65B88DBDBB7 /* JukeboxView.swift in Sources */ = {isa = PBXBuildFile; fileRef = FDC1FFB0E1981A3D4FC472DB /* JukeboxView.swift */; };
		22D5B3007EE58B7B16CF6E0D /* mower-body-test.png in Resources */ = {isa = PBXBuildFile; fileRef = 4B0FEFEAE20F717F1B193FC2 /* mower-body-test.png */; };
		27159E56AFC91AD898ACB021 /* FrancisResultCardNode.swift in Sources */ = {isa = PBXBuildFile; fileRef = E7EDE15631752327AC90636E /* FrancisResultCardNode.swift */; };
		2C67BCCD5486929AF288DCB0 /* PlayerNode.swift in Sources */ = {isa = PBXBuildFile; fileRef = D990409BAD59E5D7624090BC /* PlayerNode.swift */; };
		322040669093637ABD0C5D8B /* ForCuttingGrassRenderer.swift in Sources */ = {isa = PBXBuildFile; fileRef = 06CAB0A5FEF74F7A89D13435 /* ForCuttingGrassRenderer.swift */; };
		39B8F26AC0FC2452E545C825 /* SpotifySheetView.swift in Sources */ = {isa = PBXBuildFile; fileRef = 494493654D27227DBC1E24DB /* SpotifySheetView.swift */; };
		44CD12EC1DF87386F9EE66E4 /* HalfCourtHUDNode.swift in Sources */ = {isa = PBXBuildFile; fileRef = F71CB28A4323E659BD953281 /* HalfCourtHUDNode.swift */; };
		48F403C62312AC115BBF5FE4 /* SpotifyAuthManager.swift in Sources */ = {isa = PBXBuildFile; fileRef = F5338DD068B913E3A438771F /* SpotifyAuthManager.swift */; };
		54053F0397C8344563D97BCA /* ForCuttingGrassLevels.swift in Sources */ = {isa = PBXBuildFile; fileRef = 52C830562785E9E848F6E9F9 /* ForCuttingGrassLevels.swift */; };
		556849F763DA66541FE78663 /* tile-garden-1.png in Resources */ = {isa = PBXBuildFile; fileRef = A8204D91A13ADFCD5F19BC3B /* tile-garden-1.png */; };
		5C9F5213FA77EDE523255CA8 /* HalfCourtResultCardNode.swift in Sources */ = {isa = PBXBuildFile; fileRef = 8BC18B1C6F46DF6BDD916163 /* HalfCourtResultCardNode.swift */; };
		62EAF7D5BBD7B4003C9F9A25 /* FrancisGameView.swift in Sources */ = {isa = PBXBuildFile; fileRef = 79C7123FF5E4F6728F3511EB /* FrancisGameView.swift */; };
		677C791AF93B76489A0C75C0 /* BallNode.swift in Sources */ = {isa = PBXBuildFile; fileRef = 9335EB35B1AB2B24DF7F32A8 /* BallNode.swift */; };
		72D64E1818F031BF93F3AD9C /* Song.swift in Sources */ = {isa = PBXBuildFile; fileRef = F282D587BD99FF41373791FB /* Song.swift */; };
		78124B7C6A54C08FA5A7DE02 /* Assets.xcassets in Resources */ = {isa = PBXBuildFile; fileRef = D77DC43028C080E39E78EBBA /* Assets.xcassets */; };
		78FD37CF53F2BA5880F527D6 /* ContentView.swift in Sources */ = {isa = PBXBuildFile; fileRef = 82AB66BC63FF553633DE7F80 /* ContentView.swift */; };
		7969C8D20EF4146A40592CE3 /* JukeboxLineKnot.json in Resources */ = {isa = PBXBuildFile; fileRef = 4D0C48531D9DA41E250F59D8 /* JukeboxLineKnot.json */; };
		8412248697D6D9D030278F57 /* ChromePlayButton.swift in Sources */ = {isa = PBXBuildFile; fileRef = EE5906A82919054EB963B4A3 /* ChromePlayButton.swift */; };
		85C60074DA1F975871E974E9 /* FrancisGameScene.swift in Sources */ = {isa = PBXBuildFile; fileRef = 3C7238AEDFCD2DDC7C2750E4 /* FrancisGameScene.swift */; };
		8679C2DB6EC14B8CF47D61C2 /* LizzyMcGuireGameView.swift in Sources */ = {isa = PBXBuildFile; fileRef = 07ECF192676509762D21C04F /* LizzyMcGuireGameView.swift */; };
		8CFCB046D3CD65D1EAEE204F /* BubbleTubeView.swift in Sources */ = {isa = PBXBuildFile; fileRef = DC3E3404F9F5E186AB867DB4 /* BubbleTubeView.swift */; };
		90604B97C7E0492877E71594 /* tile-cut-1.png in Resources */ = {isa = PBXBuildFile; fileRef = D5B2265F8A59C6A75AE95963 /* tile-cut-1.png */; };
		92F7990237F050CDC55279CA /* ForCuttingGrassGameScene.swift in Sources */ = {isa = PBXBuildFile; fileRef = 86C86CF194F193E6FFAC4709 /* ForCuttingGrassGameScene.swift */; };
		932968B85364E894B6E15E18 /* Lottie in Frameworks */ = {isa = PBXBuildFile; productRef = A6FB69BF3A025B9948986749 /* Lottie */; };
		95BF4499E00AF4D91FE21F30 /* HalfCourtHeroTypes.swift in Sources */ = {isa = PBXBuildFile; fileRef = ACEDD1A7767AC680C9A5E0B3 /* HalfCourtHeroTypes.swift */; };
		99A699CB61A1FB423BB3F7A8 /* ArchHeaderView.swift in Sources */ = {isa = PBXBuildFile; fileRef = AE185679CAD568601C864B6E /* ArchHeaderView.swift */; };
		9F55F487EE8D3ABC0C84FE55 /* FrancisHUDNode.swift in Sources */ = {isa = PBXBuildFile; fileRef = 1447C20787223E3BA94B7B5C /* FrancisHUDNode.swift */; };
		A763F8F5AF4B98F6912A1A52 /* WebKit.framework in Frameworks */ = {isa = PBXBuildFile; fileRef = FF0F0EDD5912F2F1A501CC3C /* WebKit.framework */; };
		AEBD877831FCB56EA1A41FB5 /* tile-house-wall.png in Resources */ = {isa = PBXBuildFile; fileRef = 5E6DAD71611E68F61627E3F2 /* tile-house-wall.png */; };
		B84E87F9FB2ADFB1E78061DE /* BandMusicGamesApp.swift in Sources */ = {isa = PBXBuildFile; fileRef = 4642DDBEEE3CF9B8DF17A205 /* BandMusicGamesApp.swift */; };
		BBB912C91BE985DDA4C2058B /* SongDisplayView.swift in Sources */ = {isa = PBXBuildFile; fileRef = CE6D78D5E5ECB731431CE177 /* SongDisplayView.swift */; };
		CA54FE89FCBABAE9DB1BBDCD /* HapticManager.swift in Sources */ = {isa = PBXBuildFile; fileRef = 9D7C5C786747064F3815AA29 /* HapticManager.swift */; };
		D2E91B487E48EBF3E79AB72F /* ForCuttingGrassHazards.swift in Sources */ = {isa = PBXBuildFile; fileRef = A42A64FCF259A241304C2C44 /* ForCuttingGrassHazards.swift */; };
		D823116F5A7896EB8EB9B757 /* FrancisLevels.swift in Sources */ = {isa = PBXBuildFile; fileRef = D7328A2BFED306DD0D64C17E /* FrancisLevels.swift */; };
		E381CD4A70AD0FE8E06E597D /* HalfCourtHeroScene.swift in Sources */ = {isa = PBXBuildFile; fileRef = 2BFDCCD66F6537A3AD736D3F /* HalfCourtHeroScene.swift */; };
		EF0346D702EFE9E3BA159733 /* mower-body.png in Resources */ = {isa = PBXBuildFile; fileRef = F0AF961A3AEB235F48467B6E /* mower-body.png */; };
		FA1D789A8D056BD44CAC3CFF /* ForCuttingGrassControlOverlay.swift in Sources */ = {isa = PBXBuildFile; fileRef = D3261C568DB64ABB2F1D9FA3 /* ForCuttingGrassControlOverlay.swift */; };
		FB8F8A2F4E1B3CEEFF1295D8 /* ForCuttingGrassInputController.swift in Sources */ = {isa = PBXBuildFile; fileRef = BED672FC4A58B627A3DF1FEF /* ForCuttingGrassInputController.swift */; };
/* End PBXBuildFile section */

/* Begin PBXFileReference section */
		06CAB0A5FEF74F7A89D13435 /* ForCuttingGrassRenderer.swift */ = {isa = PBXFileReference; lastKnownFileType = sourcecode.swift; path = ForCuttingGrassRenderer.swift; sourceTree = "<group>"; };
		07ECF192676509762D21C04F /* LizzyMcGuireGameView.swift */ = {isa = PBXFileReference; lastKnownFileType = sourcecode.swift; path = LizzyMcGuireGameView.swift; sourceTree = "<group>"; };
		1447C20787223E3BA94B7B5C /* FrancisHUDNode.swift */ = {isa = PBXFileReference; lastKnownFileType = sourcecode.swift; path = FrancisHUDNode.swift; sourceTree = "<group>"; };
		179F02B60F81160662AA2202 /* LottieAnimationPlayer.swift */ = {isa = PBXFileReference; lastKnownFileType = sourcecode.swift; path = LottieAnimationPlayer.swift; sourceTree = "<group>"; };
		1AEED640487C99F9E09BEAE4 /* GameWebView.swift */ = {isa = PBXFileReference; lastKnownFileType = sourcecode.swift; path = GameWebView.swift; sourceTree = "<group>"; };
		1DEF3481E9967A067F380C47 /* JukeboxLineIdle.json */ = {isa = PBXFileReference; lastKnownFileType = text.json; path = JukeboxLineIdle.json; sourceTree = "<group>"; };
		2BFDCCD66F6537A3AD736D3F /* HalfCourtHeroScene.swift */ = {isa = PBXFileReference; lastKnownFileType = sourcecode.swift; path = HalfCourtHeroScene.swift; sourceTree = "<group>"; };
		3C7238AEDFCD2DDC7C2750E4 /* FrancisGameScene.swift */ = {isa = PBXFileReference; lastKnownFileType = sourcecode.swift; path = FrancisGameScene.swift; sourceTree = "<group>"; };
		4642DDBEEE3CF9B8DF17A205 /* BandMusicGamesApp.swift */ = {isa = PBXFileReference; lastKnownFileType = sourcecode.swift; path = BandMusicGamesApp.swift; sourceTree = "<group>"; };
		494493654D27227DBC1E24DB /* SpotifySheetView.swift */ = {isa = PBXFileReference; lastKnownFileType = sourcecode.swift; path = SpotifySheetView.swift; sourceTree = "<group>"; };
		4B0FEFEAE20F717F1B193FC2 /* mower-body-test.png */ = {isa = PBXFileReference; lastKnownFileType = image.png; path = "mower-body-test.png"; sourceTree = "<group>"; };
		4D0C48531D9DA41E250F59D8 /* JukeboxLineKnot.json */ = {isa = PBXFileReference; lastKnownFileType = text.json; path = JukeboxLineKnot.json; sourceTree = "<group>"; };
		52C830562785E9E848F6E9F9 /* ForCuttingGrassLevels.swift */ = {isa = PBXFileReference; lastKnownFileType = sourcecode.swift; path = ForCuttingGrassLevels.swift; sourceTree = "<group>"; };
		5E6DAD71611E68F61627E3F2 /* tile-house-wall.png */ = {isa = PBXFileReference; lastKnownFileType = image.png; path = "tile-house-wall.png"; sourceTree = "<group>"; };
		79C7123FF5E4F6728F3511EB /* FrancisGameView.swift */ = {isa = PBXFileReference; lastKnownFileType = sourcecode.swift; path = FrancisGameView.swift; sourceTree = "<group>"; };
		82AB66BC63FF553633DE7F80 /* ContentView.swift */ = {isa = PBXFileReference; lastKnownFileType = sourcecode.swift; path = ContentView.swift; sourceTree = "<group>"; };
		86C86CF194F193E6FFAC4709 /* ForCuttingGrassGameScene.swift */ = {isa = PBXFileReference; lastKnownFileType = sourcecode.swift; path = ForCuttingGrassGameScene.swift; sourceTree = "<group>"; };
		8AFCC5A97AB46F6B6B65345B /* BandMusicGames.app */ = {isa = PBXFileReference; includeInIndex = 0; lastKnownFileType = wrapper.application; path = BandMusicGames.app; sourceTree = BUILT_PRODUCTS_DIR; };
		8BC18B1C6F46DF6BDD916163 /* HalfCourtResultCardNode.swift */ = {isa = PBXFileReference; lastKnownFileType = sourcecode.swift; path = HalfCourtResultCardNode.swift; sourceTree = "<group>"; };
		8C60E9FC3934E62B02667E84 /* AuthenticationServices.framework */ = {isa = PBXFileReference; lastKnownFileType = wrapper.framework; name = AuthenticationServices.framework; path = System/Library/Frameworks/AuthenticationServices.framework; sourceTree = SDKROOT; };
		9335EB35B1AB2B24DF7F32A8 /* BallNode.swift */ = {isa = PBXFileReference; lastKnownFileType = sourcecode.swift; path = BallNode.swift; sourceTree = "<group>"; };
		9D7C5C786747064F3815AA29 /* HapticManager.swift */ = {isa = PBXFileReference; lastKnownFileType = sourcecode.swift; path = HapticManager.swift; sourceTree = "<group>"; };
		A42A64FCF259A241304C2C44 /* ForCuttingGrassHazards.swift */ = {isa = PBXFileReference; lastKnownFileType = sourcecode.swift; path = ForCuttingGrassHazards.swift; sourceTree = "<group>"; };
		A8204D91A13ADFCD5F19BC3B /* tile-garden-1.png */ = {isa = PBXFileReference; lastKnownFileType = image.png; path = "tile-garden-1.png"; sourceTree = "<group>"; };
		ACEDD1A7767AC680C9A5E0B3 /* HalfCourtHeroTypes.swift */ = {isa = PBXFileReference; lastKnownFileType = sourcecode.swift; path = HalfCourtHeroTypes.swift; sourceTree = "<group>"; };
		AE185679CAD568601C864B6E /* ArchHeaderView.swift */ = {isa = PBXFileReference; lastKnownFileType = sourcecode.swift; path = ArchHeaderView.swift; sourceTree = "<group>"; };
		BED672FC4A58B627A3DF1FEF /* ForCuttingGrassInputController.swift */ = {isa = PBXFileReference; lastKnownFileType = sourcecode.swift; path = ForCuttingGrassInputController.swift; sourceTree = "<group>"; };
		CE6D78D5E5ECB731431CE177 /* SongDisplayView.swift */ = {isa = PBXFileReference; lastKnownFileType = sourcecode.swift; path = SongDisplayView.swift; sourceTree = "<group>"; };
		D3261C568DB64ABB2F1D9FA3 /* ForCuttingGrassControlOverlay.swift */ = {isa = PBXFileReference; lastKnownFileType = sourcecode.swift; path = ForCuttingGrassControlOverlay.swift; sourceTree = "<group>"; };
		D5B2265F8A59C6A75AE95963 /* tile-cut-1.png */ = {isa = PBXFileReference; lastKnownFileType = image.png; path = "tile-cut-1.png"; sourceTree = "<group>"; };
		D7328A2BFED306DD0D64C17E /* FrancisLevels.swift */ = {isa = PBXFileReference; lastKnownFileType = sourcecode.swift; path = FrancisLevels.swift; sourceTree = "<group>"; };
		D77DC43028C080E39E78EBBA /* Assets.xcassets */ = {isa = PBXFileReference; lastKnownFileType = folder.assetcatalog; path = Assets.xcassets; sourceTree = "<group>"; };
		D990409BAD59E5D7624090BC /* PlayerNode.swift */ = {isa = PBXFileReference; lastKnownFileType = sourcecode.swift; path = PlayerNode.swift; sourceTree = "<group>"; };
		DC3E3404F9F5E186AB867DB4 /* BubbleTubeView.swift */ = {isa = PBXFileReference; lastKnownFileType = sourcecode.swift; path = BubbleTubeView.swift; sourceTree = "<group>"; };
		E69D42098AC1339D472BC3F3 /* tile-tall-1.png */ = {isa = PBXFileReference; lastKnownFileType = image.png; path = "tile-tall-1.png"; sourceTree = "<group>"; };
		E7EDE15631752327AC90636E /* FrancisResultCardNode.swift */ = {isa = PBXFileReference; lastKnownFileType = sourcecode.swift; path = FrancisResultCardNode.swift; sourceTree = "<group>"; };
		EE5906A82919054EB963B4A3 /* ChromePlayButton.swift */ = {isa = PBXFileReference; lastKnownFileType = sourcecode.swift; path = ChromePlayButton.swift; sourceTree = "<group>"; };
		F0AF961A3AEB235F48467B6E /* mower-body.png */ = {isa = PBXFileReference; lastKnownFileType = image.png; path = "mower-body.png"; sourceTree = "<group>"; };
		F282D587BD99FF41373791FB /* Song.swift */ = {isa = PBXFileReference; lastKnownFileType = sourcecode.swift; path = Song.swift; sourceTree = "<group>"; };
		F5338DD068B913E3A438771F /* SpotifyAuthManager.swift */ = {isa = PBXFileReference; lastKnownFileType = sourcecode.swift; path = SpotifyAuthManager.swift; sourceTree = "<group>"; };
		F71CB28A4323E659BD953281 /* HalfCourtHUDNode.swift */ = {isa = PBXFileReference; lastKnownFileType = sourcecode.swift; path = HalfCourtHUDNode.swift; sourceTree = "<group>"; };
		FACBCEE1035B20CF24D9EA3B /* ForCuttingGrassGameView.swift */ = {isa = PBXFileReference; lastKnownFileType = sourcecode.swift; path = ForCuttingGrassGameView.swift; sourceTree = "<group>"; };
		FDC1FFB0E1981A3D4FC472DB /* JukeboxView.swift */ = {isa = PBXFileReference; lastKnownFileType = sourcecode.swift; path = JukeboxView.swift; sourceTree = "<group>"; };
		FF0F0EDD5912F2F1A501CC3C /* WebKit.framework */ = {isa = PBXFileReference; lastKnownFileType = wrapper.framework; name = WebKit.framework; path = System/Library/Frameworks/WebKit.framework; sourceTree = SDKROOT; };
/* End PBXFileReference section */

/* Begin PBXFrameworksBuildPhase section */
		C3F8258721B9B69160F930CF /* Frameworks */ = {
			isa = PBXFrameworksBuildPhase;
			buildActionMask = 2147483647;
			files = (
				A763F8F5AF4B98F6912A1A52 /* WebKit.framework in Frameworks */,
				16B4785DEE5036FB0474ABD0 /* AuthenticationServices.framework in Frameworks */,
				932968B85364E894B6E15E18 /* Lottie in Frameworks */,
			);
			runOnlyForDeploymentPostprocessing = 0;
		};
/* End PBXFrameworksBuildPhase section */

/* Begin PBXGroup section */
		0EB59B8CAE6B98A8868F072B /* Francis */ = {
			isa = PBXGroup;
			children = (
				3C7238AEDFCD2DDC7C2750E4 /* FrancisGameScene.swift */,
				1447C20787223E3BA94B7B5C /* FrancisHUDNode.swift */,
				D7328A2BFED306DD0D64C17E /* FrancisLevels.swift */,
				E7EDE15631752327AC90636E /* FrancisResultCardNode.swift */,
			);
			path = Francis;
			sourceTree = "<group>";
		};
		128AB88CDD9DDB290A232974 /* BandMusicGames */ = {
			isa = PBXGroup;
			children = (
				D77DC43028C080E39E78EBBA /* Assets.xcassets */,
				4642DDBEEE3CF9B8DF17A205 /* BandMusicGamesApp.swift */,
				8567BD69AC65A149C336E5B2 /* Animations */,
				43525B9D693EF310A0F4202C /* Managers */,
				D8E608E4CDFF018030681AF9 /* Models */,
				B1080D866BA832A6FD163859 /* Resources */,
				4EB8570FC283E5A5346975F0 /* Views */,
			);
			path = BandMusicGames;
			sourceTree = "<group>";
		};
		3833823A22221E5AE71A21C2 /* Sprites */ = {
			isa = PBXGroup;
			children = (
				546BFC7674A38A36B3892887 /* ForCuttingGrass */,
			);
			path = Sprites;
			sourceTree = "<group>";
		};
		43525B9D693EF310A0F4202C /* Managers */ = {
			isa = PBXGroup;
			children = (
				9D7C5C786747064F3815AA29 /* HapticManager.swift */,
				F5338DD068B913E3A438771F /* SpotifyAuthManager.swift */,
			);
			path = Managers;
			sourceTree = "<group>";
		};
		4EB8570FC283E5A5346975F0 /* Views */ = {
			isa = PBXGroup;
			children = (
				AE185679CAD568601C864B6E /* ArchHeaderView.swift */,
				DC3E3404F9F5E186AB867DB4 /* BubbleTubeView.swift */,
				EE5906A82919054EB963B4A3 /* ChromePlayButton.swift */,
				82AB66BC63FF553633DE7F80 /* ContentView.swift */,
				1AEED640487C99F9E09BEAE4 /* GameWebView.swift */,
				FDC1FFB0E1981A3D4FC472DB /* JukeboxView.swift */,
				179F02B60F81160662AA2202 /* LottieAnimationPlayer.swift */,
				CE6D78D5E5ECB731431CE177 /* SongDisplayView.swift */,
				494493654D27227DBC1E24DB /* SpotifySheetView.swift */,
				78F249AC8A96E504E2113CCA /* Games */,
			);
			path = Views;
			sourceTree = "<group>";
		};
		546BFC7674A38A36B3892887 /* ForCuttingGrass */ = {
			isa = PBXGroup;
			children = (
				F496F24B2BBA0D6DD2286C48 /* raw */,
			);
			path = ForCuttingGrass;
			sourceTree = "<group>";
		};
		78F249AC8A96E504E2113CCA /* Games */ = {
			isa = PBXGroup;
			children = (
				79C7123FF5E4F6728F3511EB /* FrancisGameView.swift */,
				07ECF192676509762D21C04F /* LizzyMcGuireGameView.swift */,
				D669AFB1FE31DC16A12913A6 /* ForCuttingGrass */,
				0EB59B8CAE6B98A8868F072B /* Francis */,
				92FC4BEBD0EA6DD3248DC2AA /* HalfCourtHero */,
			);
			path = Games;
			sourceTree = "<group>";
		};
		82DA9B57FC9D7047E19AC897 = {
			isa = PBXGroup;
			children = (
				128AB88CDD9DDB290A232974 /* BandMusicGames */,
				AED8F6CE3DF690382D21F806 /* Frameworks */,
				FF6B55FAC4BD53FB04D8BC73 /* Products */,
			);
			sourceTree = "<group>";
		};
		8567BD69AC65A149C336E5B2 /* Animations */ = {
			isa = PBXGroup;
			children = (
				1DEF3481E9967A067F380C47 /* JukeboxLineIdle.json */,
				4D0C48531D9DA41E250F59D8 /* JukeboxLineKnot.json */,
			);
			path = Animations;
			sourceTree = "<group>";
		};
		92FC4BEBD0EA6DD3248DC2AA /* HalfCourtHero */ = {
			isa = PBXGroup;
			children = (
				9335EB35B1AB2B24DF7F32A8 /* BallNode.swift */,
				2BFDCCD66F6537A3AD736D3F /* HalfCourtHeroScene.swift */,
				ACEDD1A7767AC680C9A5E0B3 /* HalfCourtHeroTypes.swift */,
				F71CB28A4323E659BD953281 /* HalfCourtHUDNode.swift */,
				8BC18B1C6F46DF6BDD916163 /* HalfCourtResultCardNode.swift */,
				D990409BAD59E5D7624090BC /* PlayerNode.swift */,
			);
			path = HalfCourtHero;
			sourceTree = "<group>";
		};
		A52E9DC3E0ADBE2472BCB2A1 /* Overlays */ = {
			isa = PBXGroup;
			children = (
				D3261C568DB64ABB2F1D9FA3 /* ForCuttingGrassControlOverlay.swift */,
			);
			path = Overlays;
			sourceTree = "<group>";
		};
		AED8F6CE3DF690382D21F806 /* Frameworks */ = {
			isa = PBXGroup;
			children = (
				8C60E9FC3934E62B02667E84 /* AuthenticationServices.framework */,
				FF0F0EDD5912F2F1A501CC3C /* WebKit.framework */,
			);
			name = Frameworks;
			sourceTree = "<group>";
		};
		B1080D866BA832A6FD163859 /* Resources */ = {
			isa = PBXGroup;
			children = (
				3833823A22221E5AE71A21C2 /* Sprites */,
			);
			path = Resources;
			sourceTree = "<group>";
		};
		D669AFB1FE31DC16A12913A6 /* ForCuttingGrass */ = {
			isa = PBXGroup;
			children = (
				86C86CF194F193E6FFAC4709 /* ForCuttingGrassGameScene.swift */,
				FACBCEE1035B20CF24D9EA3B /* ForCuttingGrassGameView.swift */,
				A42A64FCF259A241304C2C44 /* ForCuttingGrassHazards.swift */,
				BED672FC4A58B627A3DF1FEF /* ForCuttingGrassInputController.swift */,
				52C830562785E9E848F6E9F9 /* ForCuttingGrassLevels.swift */,
				06CAB0A5FEF74F7A89D13435 /* ForCuttingGrassRenderer.swift */,
				A52E9DC3E0ADBE2472BCB2A1 /* Overlays */,
			);
			path = ForCuttingGrass;
			sourceTree = "<group>";
		};
		D8E608E4CDFF018030681AF9 /* Models */ = {
			isa = PBXGroup;
			children = (
				F282D587BD99FF41373791FB /* Song.swift */,
			);
			path = Models;
			sourceTree = "<group>";
		};
		F496F24B2BBA0D6DD2286C48 /* raw */ = {
			isa = PBXGroup;
			children = (
				4B0FEFEAE20F717F1B193FC2 /* mower-body-test.png */,
				F0AF961A3AEB235F48467B6E /* mower-body.png */,
				D5B2265F8A59C6A75AE95963 /* tile-cut-1.png */,
				A8204D91A13ADFCD5F19BC3B /* tile-garden-1.png */,
				5E6DAD71611E68F61627E3F2 /* tile-house-wall.png */,
				E69D42098AC1339D472BC3F3 /* tile-tall-1.png */,
			);
			path = raw;
			sourceTree = "<group>";
		};
		FF6B55FAC4BD53FB04D8BC73 /* Products */ = {
			isa = PBXGroup;
			children = (
				8AFCC5A97AB46F6B6B65345B /* BandMusicGames.app */,
			);
			name = Products;
			sourceTree = "<group>";
		};
/* End PBXGroup section */

/* Begin PBXNativeTarget section */
		2D49D197F3FAA99C1DCB7626 /* BandMusicGames */ = {
			isa = PBXNativeTarget;
			buildConfigurationList = 8E282F4B7F3B4E76A192797F /* Build configuration list for PBXNativeTarget "BandMusicGames" */;
			buildPhases = (
				FE3BC4012F7FF206E04A239F /* Sources */,
				085B460EF6AF987D8AABCDD1 /* Resources */,
				C3F8258721B9B69160F930CF /* Frameworks */,
			);
			buildRules = (
			);
			dependencies = (
			);
			name = BandMusicGames;
			packageProductDependencies = (
				A6FB69BF3A025B9948986749 /* Lottie */,
			);
			productName = BandMusicGames;
			productReference = 8AFCC5A97AB46F6B6B65345B /* BandMusicGames.app */;
			productType = "com.apple.product-type.application";
		};
/* End PBXNativeTarget section */

/* Begin PBXProject section */
		EBEB5370E94A17E28C6ED964 /* Project object */ = {
			isa = PBXProject;
			attributes = {
				BuildIndependentTargetsInParallel = YES;
				LastUpgradeCheck = 1600;
				TargetAttributes = {
					2D49D197F3FAA99C1DCB7626 = {
						DevelopmentTeam = 6P24N3R4TP;
						ProvisioningStyle = Automatic;
					};
				};
			};
			buildConfigurationList = DF03AA5F55E947AEDF2ECE1C /* Build configuration list for PBXProject "BandMusicGames" */;
			developmentRegion = en;
			hasScannedForEncodings = 0;
			knownRegions = (
				Base,
				en,
			);
			mainGroup = 82DA9B57FC9D7047E19AC897;
			minimizedProjectReferenceProxies = 1;
			packageReferences = (
				18F788ED21FA1D39FBD65E21 /* XCRemoteSwiftPackageReference "lottie-spm" */,
			);
			preferredProjectObjectVersion = 77;
			productRefGroup = FF6B55FAC4BD53FB04D8BC73 /* Products */;
			projectDirPath = "";
			projectRoot = "";
			targets = (
				2D49D197F3FAA99C1DCB7626 /* BandMusicGames */,
			);
		};
/* End PBXProject section */

/* Begin PBXResourcesBuildPhase section */
		085B460EF6AF987D8AABCDD1 /* Resources */ = {
			isa = PBXResourcesBuildPhase;
			buildActionMask = 2147483647;
			files = (
				78124B7C6A54C08FA5A7DE02 /* Assets.xcassets in Resources */,
				0CB33EBCF18FD541CB238B61 /* JukeboxLineIdle.json in Resources */,
				7969C8D20EF4146A40592CE3 /* JukeboxLineKnot.json in Resources */,
				22D5B3007EE58B7B16CF6E0D /* mower-body-test.png in Resources */,
				EF0346D702EFE9E3BA159733 /* mower-body.png in Resources */,
				90604B97C7E0492877E71594 /* tile-cut-1.png in Resources */,
				556849F763DA66541FE78663 /* tile-garden-1.png in Resources */,
				AEBD877831FCB56EA1A41FB5 /* tile-house-wall.png in Resources */,
				14DE03AE234B03EF35DCC67E /* tile-tall-1.png in Resources */,
			);
			runOnlyForDeploymentPostprocessing = 0;
		};
/* End PBXResourcesBuildPhase section */

/* Begin PBXSourcesBuildPhase section */
		FE3BC4012F7FF206E04A239F /* Sources */ = {
			isa = PBXSourcesBuildPhase;
			buildActionMask = 2147483647;
			files = (
				99A699CB61A1FB423BB3F7A8 /* ArchHeaderView.swift in Sources */,
				677C791AF93B76489A0C75C0 /* BallNode.swift in Sources */,
				B84E87F9FB2ADFB1E78061DE /* BandMusicGamesApp.swift in Sources */,
				8CFCB046D3CD65D1EAEE204F /* BubbleTubeView.swift in Sources */,
				8412248697D6D9D030278F57 /* ChromePlayButton.swift in Sources */,
				78FD37CF53F2BA5880F527D6 /* ContentView.swift in Sources */,
				FA1D789A8D056BD44CAC3CFF /* ForCuttingGrassControlOverlay.swift in Sources */,
				92F7990237F050CDC55279CA /* ForCuttingGrassGameScene.swift in Sources */,
				04FEA8FB3D18B769B1BEAA73 /* ForCuttingGrassGameView.swift in Sources */,
				D2E91B487E48EBF3E79AB72F /* ForCuttingGrassHazards.swift in Sources */,
				FB8F8A2F4E1B3CEEFF1295D8 /* ForCuttingGrassInputController.swift in Sources */,
				54053F0397C8344563D97BCA /* ForCuttingGrassLevels.swift in Sources */,
				322040669093637ABD0C5D8B /* ForCuttingGrassRenderer.swift in Sources */,
				85C60074DA1F975871E974E9 /* FrancisGameScene.swift in Sources */,
				62EAF7D5BBD7B4003C9F9A25 /* FrancisGameView.swift in Sources */,
				9F55F487EE8D3ABC0C84FE55 /* FrancisHUDNode.swift in Sources */,
				D823116F5A7896EB8EB9B757 /* FrancisLevels.swift in Sources */,
				27159E56AFC91AD898ACB021 /* FrancisResultCardNode.swift in Sources */,
				0F1AFBABE1F9D1870B3D767F /* GameWebView.swift in Sources */,
				44CD12EC1DF87386F9EE66E4 /* HalfCourtHUDNode.swift in Sources */,
				E381CD4A70AD0FE8E06E597D /* HalfCourtHeroScene.swift in Sources */,
				95BF4499E00AF4D91FE21F30 /* HalfCourtHeroTypes.swift in Sources */,
				5C9F5213FA77EDE523255CA8 /* HalfCourtResultCardNode.swift in Sources */,
				CA54FE89FCBABAE9DB1BBDCD /* HapticManager.swift in Sources */,
				1A8D8BC32BAEE65B88DBDBB7 /* JukeboxView.swift in Sources */,
				8679C2DB6EC14B8CF47D61C2 /* LizzyMcGuireGameView.swift in Sources */,
				158D8F08F041F7C10B28A262 /* LottieAnimationPlayer.swift in Sources */,
				2C67BCCD5486929AF288DCB0 /* PlayerNode.swift in Sources */,
				72D64E1818F031BF93F3AD9C /* Song.swift in Sources */,
				BBB912C91BE985DDA4C2058B /* SongDisplayView.swift in Sources */,
				48F403C62312AC115BBF5FE4 /* SpotifyAuthManager.swift in Sources */,
				39B8F26AC0FC2452E545C825 /* SpotifySheetView.swift in Sources */,
			);
			runOnlyForDeploymentPostprocessing = 0;
		};
/* End PBXSourcesBuildPhase section */

/* Begin XCBuildConfiguration section */
		45BE1D5DBAFA75F516F2360F /* Release */ = {
			isa = XCBuildConfiguration;
			buildSettings = {
				ALWAYS_SEARCH_USER_PATHS = NO;
				CLANG_ANALYZER_NONNULL = YES;
				CLANG_ANALYZER_NUMBER_OBJECT_CONVERSION = YES_AGGRESSIVE;
				CLANG_CXX_LANGUAGE_STANDARD = "gnu++14";
				CLANG_CXX_LIBRARY = "libc++";
				CLANG_ENABLE_MODULES = YES;
				CLANG_ENABLE_OBJC_ARC = YES;
				CLANG_ENABLE_OBJC_WEAK = YES;
				CLANG_WARN_BLOCK_CAPTURE_AUTORELEASING = YES;
				CLANG_WARN_BOOL_CONVERSION = YES;
				CLANG_WARN_COMMA = YES;
				CLANG_WARN_CONSTANT_CONVERSION = YES;
				CLANG_WARN_DEPRECATED_OBJC_IMPLEMENTATIONS = YES;
				CLANG_WARN_DIRECT_OBJC_ISA_USAGE = YES_ERROR;
				CLANG_WARN_DOCUMENTATION_COMMENTS = YES;
				CLANG_WARN_EMPTY_BODY = YES;
				CLANG_WARN_ENUM_CONVERSION = YES;
				CLANG_WARN_INFINITE_RECURSION = YES;
				CLANG_WARN_INT_CONVERSION = YES;
				CLANG_WARN_NON_LITERAL_NULL_CONVERSION = YES;
				CLANG_WARN_OBJC_IMPLICIT_RETAIN_SELF = YES;
				CLANG_WARN_OBJC_LITERAL_CONVERSION = YES;
				CLANG_WARN_OBJC_ROOT_CLASS = YES_ERROR;
				CLANG_WARN_QUOTED_INCLUDE_IN_FRAMEWORK_HEADER = YES;
				CLANG_WARN_RANGE_LOOP_ANALYSIS = YES;
				CLANG_WARN_STRICT_PROTOTYPES = YES;
				CLANG_WARN_SUSPICIOUS_MOVE = YES;
				CLANG_WARN_UNGUARDED_AVAILABILITY = YES_AGGRESSIVE;
				CLANG_WARN_UNREACHABLE_CODE = YES;
				CLANG_WARN__DUPLICATE_METHOD_MATCH = YES;
				COPY_PHASE_STRIP = NO;
				DEBUG_INFORMATION_FORMAT = "dwarf-with-dsym";
				ENABLE_NS_ASSERTIONS = NO;
				ENABLE_STRICT_OBJC_MSGSEND = YES;
				GCC_C_LANGUAGE_STANDARD = gnu11;
				GCC_NO_COMMON_BLOCKS = YES;
				GCC_WARN_64_TO_32_BIT_CONVERSION = YES;
				GCC_WARN_ABOUT_RETURN_TYPE = YES_ERROR;
				GCC_WARN_UNDECLARED_SELECTOR = YES;
				GCC_WARN_UNINITIALIZED_AUTOS = YES_AGGRESSIVE;
				GCC_WARN_UNUSED_FUNCTION = YES;
				GCC_WARN_UNUSED_VARIABLE = YES;
				IPHONEOS_DEPLOYMENT_TARGET = 16.0;
				MTL_ENABLE_DEBUG_INFO = NO;
				MTL_FAST_MATH = YES;
				PRODUCT_NAME = "$(TARGET_NAME)";
				SDKROOT = iphoneos;
				SWIFT_COMPILATION_MODE = wholemodule;
				SWIFT_OPTIMIZATION_LEVEL = "-O";
				SWIFT_VERSION = 5.0;
			};
			name = Release;
		};
		90DBEC10CA8F7D41740B13D4 /* Debug */ = {
			isa = XCBuildConfiguration;
			buildSettings = {
				ALWAYS_SEARCH_USER_PATHS = NO;
				CLANG_ANALYZER_NONNULL = YES;
				CLANG_ANALYZER_NUMBER_OBJECT_CONVERSION = YES_AGGRESSIVE;
				CLANG_CXX_LANGUAGE_STANDARD = "gnu++14";
				CLANG_CXX_LIBRARY = "libc++";
				CLANG_ENABLE_MODULES = YES;
				CLANG_ENABLE_OBJC_ARC = YES;
				CLANG_ENABLE_OBJC_WEAK = YES;
				CLANG_WARN_BLOCK_CAPTURE_AUTORELEASING = YES;
				CLANG_WARN_BOOL_CONVERSION = YES;
				CLANG_WARN_COMMA = YES;
				CLANG_WARN_CONSTANT_CONVERSION = YES;
				CLANG_WARN_DEPRECATED_OBJC_IMPLEMENTATIONS = YES;
				CLANG_WARN_DIRECT_OBJC_ISA_USAGE = YES_ERROR;
				CLANG_WARN_DOCUMENTATION_COMMENTS = YES;
				CLANG_WARN_EMPTY_BODY = YES;
				CLANG_WARN_ENUM_CONVERSION = YES;
				CLANG_WARN_INFINITE_RECURSION = YES;
				CLANG_WARN_INT_CONVERSION = YES;
				CLANG_WARN_NON_LITERAL_NULL_CONVERSION = YES;
				CLANG_WARN_OBJC_IMPLICIT_RETAIN_SELF = YES;
				CLANG_WARN_OBJC_LITERAL_CONVERSION = YES;
				CLANG_WARN_OBJC_ROOT_CLASS = YES_ERROR;
				CLANG_WARN_QUOTED_INCLUDE_IN_FRAMEWORK_HEADER = YES;
				CLANG_WARN_RANGE_LOOP_ANALYSIS = YES;
				CLANG_WARN_STRICT_PROTOTYPES = YES;
				CLANG_WARN_SUSPICIOUS_MOVE = YES;
				CLANG_WARN_UNGUARDED_AVAILABILITY = YES_AGGRESSIVE;
				CLANG_WARN_UNREACHABLE_CODE = YES;
				CLANG_WARN__DUPLICATE_METHOD_MATCH = YES;
				COPY_PHASE_STRIP = NO;
				DEBUG_INFORMATION_FORMAT = dwarf;
				ENABLE_STRICT_OBJC_MSGSEND = YES;
				ENABLE_TESTABILITY = YES;
				GCC_C_LANGUAGE_STANDARD = gnu11;
				GCC_DYNAMIC_NO_PIC = NO;
				GCC_NO_COMMON_BLOCKS = YES;
				GCC_OPTIMIZATION_LEVEL = 0;
				GCC_PREPROCESSOR_DEFINITIONS = (
					"$(inherited)",
					"DEBUG=1",
				);
				GCC_WARN_64_TO_32_BIT_CONVERSION = YES;
				GCC_WARN_ABOUT_RETURN_TYPE = YES_ERROR;
				GCC_WARN_UNDECLARED_SELECTOR = YES;
				GCC_WARN_UNINITIALIZED_AUTOS = YES_AGGRESSIVE;
				GCC_WARN_UNUSED_FUNCTION = YES;
				GCC_WARN_UNUSED_VARIABLE = YES;
				IPHONEOS_DEPLOYMENT_TARGET = 16.0;
				MTL_ENABLE_DEBUG_INFO = INCLUDE_SOURCE;
				MTL_FAST_MATH = YES;
				ONLY_ACTIVE_ARCH = YES;
				PRODUCT_NAME = "$(TARGET_NAME)";
				SDKROOT = iphoneos;
				SWIFT_ACTIVE_COMPILATION_CONDITIONS = DEBUG;
				SWIFT_OPTIMIZATION_LEVEL = "-Onone";
				SWIFT_VERSION = 5.0;
			};
			name = Debug;
		};
		BC97A4042A3BEFD4EB4A3325 /* Release */ = {
			isa = XCBuildConfiguration;
			buildSettings = {
				ASSETCATALOG_COMPILER_APPICON_NAME = AppIcon;
				CODE_SIGN_IDENTITY = "iPhone Developer";
				CODE_SIGN_STYLE = Automatic;
				CURRENT_PROJECT_VERSION = 20260520230000;
				DEVELOPMENT_TEAM = 6P24N3R4TP;
				ENABLE_PREVIEWS = YES;
				INFOPLIST_FILE = Info.plist;
				IPHONEOS_DEPLOYMENT_TARGET = 16.0;
				LD_RUNPATH_SEARCH_PATHS = (
					"$(inherited)",
					"@executable_path/Frameworks",
				);
				PRODUCT_BUNDLE_IDENTIFIER = party.bandmusicgames.app;
				SDKROOT = iphoneos;
				SWIFT_EMIT_LOC_STRINGS = YES;
				SWIFT_VERSION = 5.10;
				TARGETED_DEVICE_FAMILY = 1;
			};
			name = Release;
		};
		E1EB5FD647455E5F53452E04 /* Debug */ = {
			isa = XCBuildConfiguration;
			buildSettings = {
				ASSETCATALOG_COMPILER_APPICON_NAME = AppIcon;
				CODE_SIGN_IDENTITY = "iPhone Developer";
				CODE_SIGN_STYLE = Automatic;
				CURRENT_PROJECT_VERSION = 20260520230000;
				DEVELOPMENT_TEAM = 6P24N3R4TP;
				ENABLE_PREVIEWS = YES;
				INFOPLIST_FILE = Info.plist;
				IPHONEOS_DEPLOYMENT_TARGET = 16.0;
				LD_RUNPATH_SEARCH_PATHS = (
					"$(inherited)",
					"@executable_path/Frameworks",
				);
				PRODUCT_BUNDLE_IDENTIFIER = party.bandmusicgames.app;
				SDKROOT = iphoneos;
				SWIFT_EMIT_LOC_STRINGS = YES;
				SWIFT_VERSION = 5.10;
				TARGETED_DEVICE_FAMILY = 1;
			};
			name = Debug;
		};
/* End XCBuildConfiguration section */

/* Begin XCConfigurationList section */
		8E282F4B7F3B4E76A192797F /* Build configuration list for PBXNativeTarget "BandMusicGames" */ = {
			isa = XCConfigurationList;
			buildConfigurations = (
				E1EB5FD647455E5F53452E04 /* Debug */,
				BC97A4042A3BEFD4EB4A3325 /* Release */,
			);
			defaultConfigurationIsVisible = 0;
			defaultConfigurationName = Debug;
		};
		DF03AA5F55E947AEDF2ECE1C /* Build configuration list for PBXProject "BandMusicGames" */ = {
			isa = XCConfigurationList;
			buildConfigurations = (
				90DBEC10CA8F7D41740B13D4 /* Debug */,
				45BE1D5DBAFA75F516F2360F /* Release */,
			);
			defaultConfigurationIsVisible = 0;
			defaultConfigurationName = Debug;
		};
/* End XCConfigurationList section */

/* Begin XCRemoteSwiftPackageReference section */
		18F788ED21FA1D39FBD65E21 /* XCRemoteSwiftPackageReference "lottie-spm" */ = {
			isa = XCRemoteSwiftPackageReference;
			repositoryURL = "https://github.com/airbnb/lottie-spm.git";
			requirement = {
				kind = upToNextMajorVersion;
				minimumVersion = 4.6.0;
			};
		};
/* End XCRemoteSwiftPackageReference section */

/* Begin XCSwiftPackageProductDependency section */
		A6FB69BF3A025B9948986749 /* Lottie */ = {
			isa = XCSwiftPackageProductDependency;
			package = 18F788ED21FA1D39FBD65E21 /* XCRemoteSwiftPackageReference "lottie-spm" */;
			productName = Lottie;
		};
/* End XCSwiftPackageProductDependency section */
	};
	rootObject = EBEB5370E94A17E28C6ED964 /* Project object */;
}
